
Microsoft Visual Studio Solution File, Format Version 12.00
# Visual Studio Version 17
VisualStudioVersion = 17.4.33205.214
MinimumVisualStudioVersion = 10.0.40219.1
Project("{9A19103F-16F7-4668-BE54-9A1E7A4F7556}") = "MinimalApiProject", "MinimalApiProject\MinimalApiProject.csproj", "{BA6CD2BA-2084-49C3-9DF2-E0D05E1B8D12}"
EndProject
Project("{00D1A9C2-B5F0-4AF3-8072-F6C62B433612}") = "F1_DB", "F1_DB\F1_DB.sqlproj", "{867C683A-ED32-498D-B867-09A59B88E744}"
EndProject
Project("{9A19103F-16F7-4668-BE54-9A1E7A4F7556}") = "DataAccess", "DataAccess\DataAccess.csproj", "{32C7196C-70C9-4087-9997-7EFB36D5E341}"
EndProject
Project("{2150E333-8FDC-42A3-9474-1A3956D46DE8}") = "Solution Items", "Solution Items", "{ABFF04D9-C5DC-4969-9FBF-B38DA665D22C}"
EndProject
Global
	GlobalSection(SolutionConfigurationPlatforms) = preSolution
		Debug|Any CPU = Debug|Any CPU
		Release|Any CPU = Release|Any CPU
	EndGlobalSection
	GlobalSection(ProjectConfigurationPlatforms) = postSolution
		{BA6CD2BA-2084-49C3-9DF2-E0D05E1B8D12}.Debug|Any CPU.ActiveCfg = Debug|Any CPU
		{BA6CD2BA-2084-49C3-9DF2-E0D05E1B8D12}.Debug|Any CPU.Build.0 = Debug|Any CPU
		{BA6CD2BA-2084-49C3-9DF2-E0D05E1B8D12}.Release|Any CPU.ActiveCfg = Release|Any CPU
		{BA6CD2BA-2084-49C3-9DF2-E0D05E1B8D12}.Release|Any CPU.Build.0 = Release|Any CPU
		{867C683A-ED32-498D-B867-09A59B88E744}.Debug|Any CPU.ActiveCfg = Debug|Any CPU
		{867C683A-ED32-498D-B867-09A59B88E744}.Debug|Any CPU.Build.0 = Debug|Any CPU
		{867C683A-ED32-498D-B867-09A59B88E744}.Debug|Any CPU.Deploy.0 = Debug|Any CPU
		{867C683A-ED32-498D-B867-09A59B88E744}.Release|Any CPU.ActiveCfg = Release|Any CPU
		{867C683A-ED32-498D-B867-09A59B88E744}.Release|Any CPU.Build.0 = Release|Any CPU
		{867C683A-ED32-498D-B867-09A59B88E744}.Release|Any CPU.Deploy.0 = Release|Any CPU
		{32C7196C-70C9-4087-9997-7EFB36D5E341}.Debug|Any CPU.ActiveCfg = Debug|Any CPU
		{32C7196C-70C9-4087-9997-7EFB36D5E341}.Debug|Any CPU.Build.0 = Debug|Any CPU
		{32C7196C-70C9-4087-9997-7EFB36D5E341}.Release|Any CPU.ActiveCfg = Release|Any CPU
		{32C7196C-70C9-4087-9997-7EFB36D5E341}.Release|Any CPU.Build.0 = Release|Any CPU
	EndGlobalSection
	GlobalSection(SolutionProperties) = preSolution
		HideSolutionNode = FALSE
	EndGlobalSection
	GlobalSection(ExtensibilityGlobals) = postSolution
		SolutionGuid = {40BA4516-9ADA-47FA-A3D8-6A851C455FF3}
	EndGlobalSection
EndGlobal
